{
    "_readme": [
        "This file locks the dependencies of your project to a known state",
        "Read more about it at https://getcomposer.org/doc/01-basic-usage.md#composer-lock-the-lock-file",
        "This file is @generated automatically"
    ],
    "content-hash": "d172bfa184bc08c175ad0926defb86db",
    "packages": [
        {
            "name": "avp-ivas/package1",
            "version": "dev-WWW-123",
            "source": {
                "type": "git",
                "url": "https://github.com/avp-ivas/package1.git",
                "reference": "566dffdebc341a0268dcec8a4081e778c6111e38"
            },
            "dist": {
                "type": "zip",
                "url": "https://api.github.com/repos/avp-ivas/package1/zipball/566dffdebc341a0268dcec8a4081e778c6111e38",
                "reference": "566dffdebc341a0268dcec8a4081e778c6111e38",
                "shasum": ""
            },
            "type": "library",
            "notification-url": "https://packagist.org/downloads/",
            "description": "avp-ivas/package1",
            "time": "2018-02-19T08:50:05+00:00"
        }
    ],
    "packages-dev": [],
    "aliases": [
        {
            "alias": "1.0",
            "alias_normalized": "1.0.0.0",
            "version": "dev-WWW-123",
            "package": "avp-ivas/package1"
        }
    ],
    "minimum-stability": "dev",
    "stability-flags": {
        "avp-ivas/package1": 20
    },
    "prefer-stable": false,
    "prefer-lowest": false,
    "platform": {
        "php": ">=5.5.9"
    },
    "platform-dev": []
}
