{
    "_readme": [
        "This file locks the dependencies of your project to a known state",
        "Read more about it at https://getcomposer.org/doc/01-basic-usage.md#composer-lock-the-lock-file",
        "This file is @generated automatically"
    ],
    "content-hash": "3c9ddf0c6f5a77f3ea87af0a14df6095",
    "packages": [
        {
            "name": "avp-ivas/package1",
            "version": "dev-master",
            "source": {
                "type": "git",
                "url": "https://github.com/avp-ivas/package1.git",
                "reference": "8df2953aa819f6fd961f0878a9ff3d7be42ce995"
            },
            "dist": {
                "type": "zip",
                "url": "https://api.github.com/repos/avp-ivas/package1/zipball/8df2953aa819f6fd961f0878a9ff3d7be42ce995",
                "reference": "8df2953aa819f6fd961f0878a9ff3d7be42ce995",
                "shasum": ""
            },
            "type": "library",
            "notification-url": "https://packagist.org/downloads/",
            "description": "avp-ivas/package1",
            "time": "2018-02-16T10:33:40+00:00"
        }
    ],
    "packages-dev": [],
    "aliases": [],
    "minimum-stability": "dev",
    "stability-flags": [],
    "prefer-stable": false,
    "prefer-lowest": false,
    "platform": {
        "php": ">=5.5.9"
    },
    "platform-dev": []
}
